<Solution>
  <Folder Name="/src/">
    <Project Path="src/AccountService.Application/AccountService.Application.csproj" />
    <Project Path="src/AccountService.Domain/AccountService.Domain.csproj" />
    <Project Path="src/AccountService.Infrastructure/AccountService.Infrastructure.csproj" />
  </Folder>
  <Project Path="src/AccountService.Api/AccountService.Api.csproj" />
</Solution>
